
Microsoft Visual Studio Solution File, Format Version 12.00
# Visual Studio Version 17
VisualStudioVersion = 17.5.002.0
MinimumVisualStudioVersion = 10.0.40219.1
Project("{9A19103F-16F7-4668-BE54-9A1E7A4F7556}") = "MvcMovie", "MvcMovie.csproj", "{CEFDED3B-E42A-421F-BAD7-07C20BF72FC4}"
EndProject
Global
	GlobalSection(SolutionConfigurationPlatforms) = preSolution
		Debug|Any CPU = Debug|Any CPU
		Release|Any CPU = Release|Any CPU
	EndGlobalSection
	GlobalSection(ProjectConfigurationPlatforms) = postSolution
		{CEFDED3B-E42A-421F-BAD7-07C20BF72FC4}.Debug|Any CPU.ActiveCfg = Debug|Any CPU
		{CEFDED3B-E42A-421F-BAD7-07C20BF72FC4}.Debug|Any CPU.Build.0 = Debug|Any CPU
		{CEFDED3B-E42A-421F-BAD7-07C20BF72FC4}.Release|Any CPU.ActiveCfg = Release|Any CPU
		{CEFDED3B-E42A-421F-BAD7-07C20BF72FC4}.Release|Any CPU.Build.0 = Release|Any CPU
	EndGlobalSection
	GlobalSection(SolutionProperties) = preSolution
		HideSolutionNode = FALSE
	EndGlobalSection
	GlobalSection(ExtensibilityGlobals) = postSolution
		SolutionGuid = {29594EAC-CE49-4678-AA44-990E0B04D0BA}
	EndGlobalSection
EndGlobal
